
Microsoft Visual Studio Solution File, Format Version 12.00
# Visual Studio Version 16
VisualStudioVersion = 16.0.31321.278
MinimumVisualStudioVersion = 10.0.40219.1
Project("{FAE04EC0-301F-11D3-BF4B-00C04F79EFBC}") = "lab1dn", "lab1dn.csproj", "{14C85536-CFBC-474A-9927-78441B824874}"
EndProject
Global
	GlobalSection(SolutionConfigurationPlatforms) = preSolution
		Debug|Any CPU = Debug|Any CPU
		Release|Any CPU = Release|Any CPU
	EndGlobalSection
	GlobalSection(ProjectConfigurationPlatforms) = postSolution
		{14C85536-CFBC-474A-9927-78441B824874}.Debug|Any CPU.ActiveCfg = Debug|Any CPU
		{14C85536-CFBC-474A-9927-78441B824874}.Debug|Any CPU.Build.0 = Debug|Any CPU
		{14C85536-CFBC-474A-9927-78441B824874}.Release|Any CPU.ActiveCfg = Release|Any CPU
		{14C85536-CFBC-474A-9927-78441B824874}.Release|Any CPU.Build.0 = Release|Any CPU
	EndGlobalSection
	GlobalSection(SolutionProperties) = preSolution
		HideSolutionNode = FALSE
	EndGlobalSection
	GlobalSection(ExtensibilityGlobals) = postSolution
		SolutionGuid = {3C5CECA7-B53E-4A14-894A-63F57807E18B}
	EndGlobalSection
EndGlobal
